# THIS IS AN AUTOGENERATED FILE. DO NOT EDIT THIS FILE DIRECTLY.
# yarn lockfile v1


missing@^0.0.1:
  version "0.0.1"
  resolved "https://registry.yarnpkg.com/missing/-/missing-0.0.1.tgz#2b8b2779e68ca8969a204cba828233bfc208d381"
  integrity sha512-bFF/7WSdAqe/jx3NVEvCkLJwaYH58alBguvni6csDANEPbcyEVRo69XwWv1dGQhsU1owC243VO6RgqH4E4nr3w==
